
Microsoft Visual Studio Solution File, Format Version 12.00
# Visual Studio 14
VisualStudioVersion = 14.0.24720.0
MinimumVisualStudioVersion = 10.0.40219.1
Project("{2150E333-8FDC-42A3-9474-1A3956D46DE8}") = "Solution Items", "Solution Items", "{13400B7A-2A6B-4D46-9C6C-F1A8460616EC}"
	ProjectSection(SolutionItems) = preProject
		.gitignore = .gitignore
		LICENSE = LICENSE
		MDN.license = MDN.license
		README.md = README.md
		WootzJs.targets = WootzJs.targets
	EndProjectSection
EndProject
Project("{FAE04EC0-301F-11D3-BF4B-00C04F79EFBC}") = "WootzJs.JQuery", "WootzJs.JQuery\WootzJs.JQuery.csproj", "{39657A3D-4F4A-421F-9256-C09BFEAFCA97}"
	ProjectSection(ProjectDependencies) = postProject
		{75995C59-074D-4560-9635-86A90FFED390} = {75995C59-074D-4560-9635-86A90FFED390}
		{D1E3A970-1810-4A39-B434-B6AB3DEBFB68} = {D1E3A970-1810-4A39-B434-B6AB3DEBFB68}
	EndProjectSection
EndProject
Project("{FAE04EC0-301F-11D3-BF4B-00C04F79EFBC}") = "WootzJs.Web", "WootzJs.Web\WootzJs.Web.csproj", "{0F747461-9C1C-4FCE-A8B3-2D70D23388CB}"
	ProjectSection(ProjectDependencies) = postProject
		{75995C59-074D-4560-9635-86A90FFED390} = {75995C59-074D-4560-9635-86A90FFED390}
		{D1E3A970-1810-4A39-B434-B6AB3DEBFB68} = {D1E3A970-1810-4A39-B434-B6AB3DEBFB68}
	EndProjectSection
EndProject
Project("{FAE04EC0-301F-11D3-BF4B-00C04F79EFBC}") = "WootzJs.Mvc", "WootzJs.Mvc\WootzJs.Mvc.csproj", "{A3459EB2-6E10-483C-BFB2-52BA92CA8E71}"
	ProjectSection(ProjectDependencies) = postProject
		{75995C59-074D-4560-9635-86A90FFED390} = {75995C59-074D-4560-9635-86A90FFED390}
		{0F747461-9C1C-4FCE-A8B3-2D70D23388CB} = {0F747461-9C1C-4FCE-A8B3-2D70D23388CB}
		{D1E3A970-1810-4A39-B434-B6AB3DEBFB68} = {D1E3A970-1810-4A39-B434-B6AB3DEBFB68}
		{264CE493-F204-416F-BF07-D4F5B90A8C96} = {264CE493-F204-416F-BF07-D4F5B90A8C96}
		{D9D811FB-48BF-46DC-BE19-E75EF99440FC} = {D9D811FB-48BF-46DC-BE19-E75EF99440FC}
	EndProjectSection
EndProject
Project("{FAE04EC0-301F-11D3-BF4B-00C04F79EFBC}") = "WootzJs.Rx", "WootzJs.Rx\WootzJs.Rx.csproj", "{1FA98FA2-4DFE-47DC-B96A-699E05269340}"
	ProjectSection(ProjectDependencies) = postProject
		{75995C59-074D-4560-9635-86A90FFED390} = {75995C59-074D-4560-9635-86A90FFED390}
		{D1E3A970-1810-4A39-B434-B6AB3DEBFB68} = {D1E3A970-1810-4A39-B434-B6AB3DEBFB68}
	EndProjectSection
EndProject
Project("{FAE04EC0-301F-11D3-BF4B-00C04F79EFBC}") = "WootzJs.Rx.Tests", "WootzJs.Rx.Tests\WootzJs.Rx.Tests.csproj", "{DB83297A-9A0A-45D6-BFB0-7C72728E595B}"
	ProjectSection(ProjectDependencies) = postProject
		{75995C59-074D-4560-9635-86A90FFED390} = {75995C59-074D-4560-9635-86A90FFED390}
		{D1E3A970-1810-4A39-B434-B6AB3DEBFB68} = {D1E3A970-1810-4A39-B434-B6AB3DEBFB68}
		{1FA98FA2-4DFE-47DC-B96A-699E05269340} = {1FA98FA2-4DFE-47DC-B96A-699E05269340}
	EndProjectSection
EndProject
Project("{FAE04EC0-301F-11D3-BF4B-00C04F79EFBC}") = "WootzJs.Injection", "WootzJs.Injection\WootzJs.Injection.csproj", "{DC552591-49BA-463D-8461-EFBCC1061A51}"
	ProjectSection(ProjectDependencies) = postProject
		{75995C59-074D-4560-9635-86A90FFED390} = {75995C59-074D-4560-9635-86A90FFED390}
		{D1E3A970-1810-4A39-B434-B6AB3DEBFB68} = {D1E3A970-1810-4A39-B434-B6AB3DEBFB68}
	EndProjectSection
EndProject
Project("{FAE04EC0-301F-11D3-BF4B-00C04F79EFBC}") = "WootzJs.ComponentModel.DataAnnotations", "WootzJs.ComponentModel.DataAnnotations\WootzJs.ComponentModel.DataAnnotations.csproj", "{F631CAC8-6AF7-4889-AB85-19EA2E45460B}"
	ProjectSection(ProjectDependencies) = postProject
		{75995C59-074D-4560-9635-86A90FFED390} = {75995C59-074D-4560-9635-86A90FFED390}
		{D1E3A970-1810-4A39-B434-B6AB3DEBFB68} = {D1E3A970-1810-4A39-B434-B6AB3DEBFB68}
		{976AA4B0-D441-4F50-802B-6D56BE3E9DBE} = {976AA4B0-D441-4F50-802B-6D56BE3E9DBE}
	EndProjectSection
EndProject
Project("{FAE04EC0-301F-11D3-BF4B-00C04F79EFBC}") = "WootzJs.System", "WootzJs.System\WootzJs.System.csproj", "{976AA4B0-D441-4F50-802B-6D56BE3E9DBE}"
	ProjectSection(ProjectDependencies) = postProject
		{75995C59-074D-4560-9635-86A90FFED390} = {75995C59-074D-4560-9635-86A90FFED390}
		{D1E3A970-1810-4A39-B434-B6AB3DEBFB68} = {D1E3A970-1810-4A39-B434-B6AB3DEBFB68}
	EndProjectSection
EndProject
Project("{FAE04EC0-301F-11D3-BF4B-00C04F79EFBC}") = "WootzJs.Testing", "WootzJs.Testing\WootzJs.Testing.csproj", "{9CF8A436-D6F9-4B62-BEDF-AEBC07B0D821}"
	ProjectSection(ProjectDependencies) = postProject
		{39657A3D-4F4A-421F-9256-C09BFEAFCA97} = {39657A3D-4F4A-421F-9256-C09BFEAFCA97}
		{75995C59-074D-4560-9635-86A90FFED390} = {75995C59-074D-4560-9635-86A90FFED390}
		{D1E3A970-1810-4A39-B434-B6AB3DEBFB68} = {D1E3A970-1810-4A39-B434-B6AB3DEBFB68}
		{DB83297A-9A0A-45D6-BFB0-7C72728E595B} = {DB83297A-9A0A-45D6-BFB0-7C72728E595B}
		{DC552591-49BA-463D-8461-EFBCC1061A51} = {DC552591-49BA-463D-8461-EFBCC1061A51}
		{264CE493-F204-416F-BF07-D4F5B90A8C96} = {264CE493-F204-416F-BF07-D4F5B90A8C96}
		{1FA98FA2-4DFE-47DC-B96A-699E05269340} = {1FA98FA2-4DFE-47DC-B96A-699E05269340}
		{976AA4B0-D441-4F50-802B-6D56BE3E9DBE} = {976AA4B0-D441-4F50-802B-6D56BE3E9DBE}
		{A3459EB2-6E10-483C-BFB2-52BA92CA8E71} = {A3459EB2-6E10-483C-BFB2-52BA92CA8E71}
		{F631CAC8-6AF7-4889-AB85-19EA2E45460B} = {F631CAC8-6AF7-4889-AB85-19EA2E45460B}
	EndProjectSection
EndProject
Project("{FAE04EC0-301F-11D3-BF4B-00C04F79EFBC}") = "WootzJs.Compiler.Tests", "WootzJs.Compiler.Tests\WootzJs.Compiler.Tests.csproj", "{1670D942-0682-4E47-90DD-CDD3F9D09263}"
	ProjectSection(ProjectDependencies) = postProject
		{39657A3D-4F4A-421F-9256-C09BFEAFCA97} = {39657A3D-4F4A-421F-9256-C09BFEAFCA97}
		{75995C59-074D-4560-9635-86A90FFED390} = {75995C59-074D-4560-9635-86A90FFED390}
		{0F747461-9C1C-4FCE-A8B3-2D70D23388CB} = {0F747461-9C1C-4FCE-A8B3-2D70D23388CB}
		{D1E3A970-1810-4A39-B434-B6AB3DEBFB68} = {D1E3A970-1810-4A39-B434-B6AB3DEBFB68}
		{DB83297A-9A0A-45D6-BFB0-7C72728E595B} = {DB83297A-9A0A-45D6-BFB0-7C72728E595B}
		{DC552591-49BA-463D-8461-EFBCC1061A51} = {DC552591-49BA-463D-8461-EFBCC1061A51}
		{264CE493-F204-416F-BF07-D4F5B90A8C96} = {264CE493-F204-416F-BF07-D4F5B90A8C96}
		{1FA98FA2-4DFE-47DC-B96A-699E05269340} = {1FA98FA2-4DFE-47DC-B96A-699E05269340}
		{A3459EB2-6E10-483C-BFB2-52BA92CA8E71} = {A3459EB2-6E10-483C-BFB2-52BA92CA8E71}
	EndProjectSection
EndProject
Project("{FAE04EC0-301F-11D3-BF4B-00C04F79EFBC}") = "WootzJs.Compiler", "WootzJs.Compiler\WootzJs.Compiler.csproj", "{75995C59-074D-4560-9635-86A90FFED390}"
EndProject
Project("{FAE04EC0-301F-11D3-BF4B-00C04F79EFBC}") = "WootzJs.Runtime", "WootzJs.Runtime\WootzJs.Runtime.csproj", "{D1E3A970-1810-4A39-B434-B6AB3DEBFB68}"
	ProjectSection(ProjectDependencies) = postProject
		{75995C59-074D-4560-9635-86A90FFED390} = {75995C59-074D-4560-9635-86A90FFED390}
	EndProjectSection
EndProject
Project("{D954291E-2A0B-460D-934E-DC6B0785DB48}") = "WootzJs.Models", "WootzJs.Models\WootzJs.Models.shproj", "{E9382F33-CB82-4806-8C9A-B4AA42F4606A}"
EndProject
Project("{FAE04EC0-301F-11D3-BF4B-00C04F79EFBC}") = "WootzJs.Models.Js", "WootzJs.Models.Js\WootzJs.Models.Js.csproj", "{D9D811FB-48BF-46DC-BE19-E75EF99440FC}"
EndProject
Project("{FAE04EC0-301F-11D3-BF4B-00C04F79EFBC}") = "WootzJs.Models.Net45", "WootzJs.Models.Net45\WootzJs.Models.Net45.csproj", "{264CE493-F204-416F-BF07-D4F5B90A8C96}"
EndProject
Global
	GlobalSection(SharedMSBuildProjectFiles) = preSolution
		WootzJs.Models\WootzJs.Models.projitems*{e9382f33-cb82-4806-8c9a-b4aa42f4606a}*SharedItemsImports = 13
		WootzJs.Models\WootzJs.Models.projitems*{264ce493-f204-416f-bf07-d4f5b90a8c96}*SharedItemsImports = 4
		WootzJs.Models\WootzJs.Models.projitems*{d9d811fb-48bf-46dc-be19-e75ef99440fc}*SharedItemsImports = 4
	EndGlobalSection
	GlobalSection(SolutionConfigurationPlatforms) = preSolution
		Debug|Any CPU = Debug|Any CPU
		Release|Any CPU = Release|Any CPU
	EndGlobalSection
	GlobalSection(ProjectConfigurationPlatforms) = postSolution
		{39657A3D-4F4A-421F-9256-C09BFEAFCA97}.Debug|Any CPU.ActiveCfg = Debug|Any CPU
		{39657A3D-4F4A-421F-9256-C09BFEAFCA97}.Debug|Any CPU.Build.0 = Debug|Any CPU
		{39657A3D-4F4A-421F-9256-C09BFEAFCA97}.Release|Any CPU.ActiveCfg = Release|Any CPU
		{39657A3D-4F4A-421F-9256-C09BFEAFCA97}.Release|Any CPU.Build.0 = Release|Any CPU
		{0F747461-9C1C-4FCE-A8B3-2D70D23388CB}.Debug|Any CPU.ActiveCfg = Debug|Any CPU
		{0F747461-9C1C-4FCE-A8B3-2D70D23388CB}.Debug|Any CPU.Build.0 = Debug|Any CPU
		{0F747461-9C1C-4FCE-A8B3-2D70D23388CB}.Release|Any CPU.ActiveCfg = Release|Any CPU
		{0F747461-9C1C-4FCE-A8B3-2D70D23388CB}.Release|Any CPU.Build.0 = Release|Any CPU
		{A3459EB2-6E10-483C-BFB2-52BA92CA8E71}.Debug|Any CPU.ActiveCfg = Debug|Any CPU
		{A3459EB2-6E10-483C-BFB2-52BA92CA8E71}.Debug|Any CPU.Build.0 = Debug|Any CPU
		{A3459EB2-6E10-483C-BFB2-52BA92CA8E71}.Release|Any CPU.ActiveCfg = Release|Any CPU
		{A3459EB2-6E10-483C-BFB2-52BA92CA8E71}.Release|Any CPU.Build.0 = Release|Any CPU
		{1FA98FA2-4DFE-47DC-B96A-699E05269340}.Debug|Any CPU.ActiveCfg = Debug|Any CPU
		{1FA98FA2-4DFE-47DC-B96A-699E05269340}.Debug|Any CPU.Build.0 = Debug|Any CPU
		{1FA98FA2-4DFE-47DC-B96A-699E05269340}.Release|Any CPU.ActiveCfg = Release|Any CPU
		{1FA98FA2-4DFE-47DC-B96A-699E05269340}.Release|Any CPU.Build.0 = Release|Any CPU
		{DB83297A-9A0A-45D6-BFB0-7C72728E595B}.Debug|Any CPU.ActiveCfg = Debug|Any CPU
		{DB83297A-9A0A-45D6-BFB0-7C72728E595B}.Debug|Any CPU.Build.0 = Debug|Any CPU
		{DB83297A-9A0A-45D6-BFB0-7C72728E595B}.Release|Any CPU.ActiveCfg = Release|Any CPU
		{DB83297A-9A0A-45D6-BFB0-7C72728E595B}.Release|Any CPU.Build.0 = Release|Any CPU
		{DC552591-49BA-463D-8461-EFBCC1061A51}.Debug|Any CPU.ActiveCfg = Debug|Any CPU
		{DC552591-49BA-463D-8461-EFBCC1061A51}.Debug|Any CPU.Build.0 = Debug|Any CPU
		{DC552591-49BA-463D-8461-EFBCC1061A51}.Release|Any CPU.ActiveCfg = Release|Any CPU
		{DC552591-49BA-463D-8461-EFBCC1061A51}.Release|Any CPU.Build.0 = Release|Any CPU
		{F631CAC8-6AF7-4889-AB85-19EA2E45460B}.Debug|Any CPU.ActiveCfg = Debug|Any CPU
		{F631CAC8-6AF7-4889-AB85-19EA2E45460B}.Debug|Any CPU.Build.0 = Debug|Any CPU
		{F631CAC8-6AF7-4889-AB85-19EA2E45460B}.Release|Any CPU.ActiveCfg = Release|Any CPU
		{F631CAC8-6AF7-4889-AB85-19EA2E45460B}.Release|Any CPU.Build.0 = Release|Any CPU
		{976AA4B0-D441-4F50-802B-6D56BE3E9DBE}.Debug|Any CPU.ActiveCfg = Debug|Any CPU
		{976AA4B0-D441-4F50-802B-6D56BE3E9DBE}.Debug|Any CPU.Build.0 = Debug|Any CPU
		{976AA4B0-D441-4F50-802B-6D56BE3E9DBE}.Release|Any CPU.ActiveCfg = Release|Any CPU
		{976AA4B0-D441-4F50-802B-6D56BE3E9DBE}.Release|Any CPU.Build.0 = Release|Any CPU
		{9CF8A436-D6F9-4B62-BEDF-AEBC07B0D821}.Debug|Any CPU.ActiveCfg = Debug|Any CPU
		{9CF8A436-D6F9-4B62-BEDF-AEBC07B0D821}.Debug|Any CPU.Build.0 = Debug|Any CPU
		{9CF8A436-D6F9-4B62-BEDF-AEBC07B0D821}.Release|Any CPU.ActiveCfg = Release|Any CPU
		{9CF8A436-D6F9-4B62-BEDF-AEBC07B0D821}.Release|Any CPU.Build.0 = Release|Any CPU
		{1670D942-0682-4E47-90DD-CDD3F9D09263}.Debug|Any CPU.ActiveCfg = Debug|Any CPU
		{1670D942-0682-4E47-90DD-CDD3F9D09263}.Debug|Any CPU.Build.0 = Debug|Any CPU
		{1670D942-0682-4E47-90DD-CDD3F9D09263}.Release|Any CPU.ActiveCfg = Release|Any CPU
		{1670D942-0682-4E47-90DD-CDD3F9D09263}.Release|Any CPU.Build.0 = Release|Any CPU
		{75995C59-074D-4560-9635-86A90FFED390}.Debug|Any CPU.ActiveCfg = Debug|Any CPU
		{75995C59-074D-4560-9635-86A90FFED390}.Debug|Any CPU.Build.0 = Debug|Any CPU
		{75995C59-074D-4560-9635-86A90FFED390}.Release|Any CPU.ActiveCfg = Release|Any CPU
		{75995C59-074D-4560-9635-86A90FFED390}.Release|Any CPU.Build.0 = Release|Any CPU
		{D1E3A970-1810-4A39-B434-B6AB3DEBFB68}.Debug|Any CPU.ActiveCfg = Debug|Any CPU
		{D1E3A970-1810-4A39-B434-B6AB3DEBFB68}.Debug|Any CPU.Build.0 = Debug|Any CPU
		{D1E3A970-1810-4A39-B434-B6AB3DEBFB68}.Release|Any CPU.ActiveCfg = Release|Any CPU
		{D1E3A970-1810-4A39-B434-B6AB3DEBFB68}.Release|Any CPU.Build.0 = Release|Any CPU
		{D9D811FB-48BF-46DC-BE19-E75EF99440FC}.Debug|Any CPU.ActiveCfg = Debug|Any CPU
		{D9D811FB-48BF-46DC-BE19-E75EF99440FC}.Debug|Any CPU.Build.0 = Debug|Any CPU
		{D9D811FB-48BF-46DC-BE19-E75EF99440FC}.Release|Any CPU.ActiveCfg = Release|Any CPU
		{D9D811FB-48BF-46DC-BE19-E75EF99440FC}.Release|Any CPU.Build.0 = Release|Any CPU
		{264CE493-F204-416F-BF07-D4F5B90A8C96}.Debug|Any CPU.ActiveCfg = Debug|Any CPU
		{264CE493-F204-416F-BF07-D4F5B90A8C96}.Debug|Any CPU.Build.0 = Debug|Any CPU
		{264CE493-F204-416F-BF07-D4F5B90A8C96}.Release|Any CPU.ActiveCfg = Release|Any CPU
		{264CE493-F204-416F-BF07-D4F5B90A8C96}.Release|Any CPU.Build.0 = Release|Any CPU
	EndGlobalSection
	GlobalSection(SolutionProperties) = preSolution
		HideSolutionNode = FALSE
	EndGlobalSection
EndGlobal
